
Microsoft Visual Studio Solution File, Format Version 12.00
# Visual Studio Version 16
VisualStudioVersion = 16.0.29215.179
MinimumVisualStudioVersion = 10.0.40219.1
Project("{FAE04EC0-301F-11D3-BF4B-00C04F79EFBC}") = "Orion", "Orion\Orion.csproj", "{2739ECCB-09C1-45DC-8EF8-864F964905CB}"
EndProject
Project("{FAE04EC0-301F-11D3-BF4B-00C04F79EFBC}") = "Orion.Tests", "Orion.Tests\Orion.Tests.csproj", "{BAF61F61-2584-4B08-BCF2-088284F6C679}"
EndProject
Project("{FAE04EC0-301F-11D3-BF4B-00C04F79EFBC}") = "Orion.Launcher", "Orion.Launcher\Orion.Launcher.csproj", "{F77A5DDF-CFCE-4660-8379-6DCD8FD8C1ED}"
EndProject
Global
	GlobalSection(SolutionConfigurationPlatforms) = preSolution
		Debug|Any CPU = Debug|Any CPU
		Release|Any CPU = Release|Any CPU
	EndGlobalSection
	GlobalSection(ProjectConfigurationPlatforms) = postSolution
		{2739ECCB-09C1-45DC-8EF8-864F964905CB}.Debug|Any CPU.ActiveCfg = Debug|Any CPU
		{2739ECCB-09C1-45DC-8EF8-864F964905CB}.Debug|Any CPU.Build.0 = Debug|Any CPU
		{2739ECCB-09C1-45DC-8EF8-864F964905CB}.Release|Any CPU.ActiveCfg = Release|Any CPU
		{2739ECCB-09C1-45DC-8EF8-864F964905CB}.Release|Any CPU.Build.0 = Release|Any CPU
		{BAF61F61-2584-4B08-BCF2-088284F6C679}.Debug|Any CPU.ActiveCfg = Debug|Any CPU
		{BAF61F61-2584-4B08-BCF2-088284F6C679}.Debug|Any CPU.Build.0 = Debug|Any CPU
		{BAF61F61-2584-4B08-BCF2-088284F6C679}.Release|Any CPU.ActiveCfg = Release|Any CPU
		{BAF61F61-2584-4B08-BCF2-088284F6C679}.Release|Any CPU.Build.0 = Release|Any CPU
		{F77A5DDF-CFCE-4660-8379-6DCD8FD8C1ED}.Debug|Any CPU.ActiveCfg = Debug|Any CPU
		{F77A5DDF-CFCE-4660-8379-6DCD8FD8C1ED}.Debug|Any CPU.Build.0 = Debug|Any CPU
		{F77A5DDF-CFCE-4660-8379-6DCD8FD8C1ED}.Release|Any CPU.ActiveCfg = Release|Any CPU
		{F77A5DDF-CFCE-4660-8379-6DCD8FD8C1ED}.Release|Any CPU.Build.0 = Release|Any CPU
	EndGlobalSection
	GlobalSection(SolutionProperties) = preSolution
		HideSolutionNode = FALSE
	EndGlobalSection
	GlobalSection(ExtensibilityGlobals) = postSolution
		SolutionGuid = {2460F88F-4078-42A1-9CF9-6E5E6079F31F}
	EndGlobalSection
EndGlobal
